{
  "requires": true,
  "lockfileVersion": 1,
  "dependencies": {
    "@fullcalendar/core": {
      "version": "6.0.2",
      "resolved": "https://registry.npmjs.org/@fullcalendar/core/-/core-6.0.2.tgz",
      "integrity": "sha512-mpJ+8l2t6b98umrRG2FfDnMqEr0Z+wNT2SjY7H49V3wcj4oe3gwuty8GBYHG/vgxS+DXR/NcEvW1CsMQh4Cr/A==",
      "requires": {
        "preact": "^10.0.5"
      }
    },
    "@fullcalendar/daygrid": {
      "version": "6.0.2",
      "resolved": "https://registry.npmjs.org/@fullcalendar/daygrid/-/daygrid-6.0.2.tgz",
      "integrity": "sha512-OoHo+HbKmunq2hy5K6T2390DmSwXIENxHBeKFPlUXHK48xD/zXQI3N1zRlZRd83+Yrq+vDF6l8ObO9PMu2leJw=="
    },
    "@fullcalendar/interaction": {
      "version": "6.0.2",
      "resolved": "https://registry.npmjs.org/@fullcalendar/interaction/-/interaction-6.0.2.tgz",
      "integrity": "sha512-RPWWCp6wdzVCc3XdcBUZuduFGX/mB8OrV2xBF5wrGFbGAZE3OYuEPcVnLF1SsC+pJVntG6z1fL5aQ/OM8nul9Q=="
    },
    "preact": {
      "version": "10.11.3",
      "resolved": "https://registry.npmjs.org/preact/-/preact-10.11.3.tgz",
      "integrity": "sha512-eY93IVpod/zG3uMF22Unl8h9KkrcKIRs2EGar8hwLZZDU1lkjph303V9HZBwufh2s736U6VXuhD109LYqPoffg=="
    }
  }
}
